
Microsoft Visual Studio Solution File, Format Version 12.00
# Visual Studio 2013
VisualStudioVersion = 12.0.31101.0
MinimumVisualStudioVersion = 10.0.40219.1
Project("{FAE04EC0-301F-11D3-BF4B-00C04F79EFBC}") = "StormCrow.Services", "StormCrow.Services\StormCrow.Services.csproj", "{B72FD173-E5DC-45E3-B7AF-33EF7A1C755E}"
EndProject
Project("{FAE04EC0-301F-11D3-BF4B-00C04F79EFBC}") = "StormCrow.Data", "StormCrow.Data\StormCrow.Data.csproj", "{2B0BF96C-9157-406A-B710-AFB6F7951EA4}"
EndProject
Project("{FAE04EC0-301F-11D3-BF4B-00C04F79EFBC}") = "StormCrow.Utilities", "StormCrow.Utilities\StormCrow.Utilities.csproj", "{53B05257-5714-440C-AC31-676BF26D3636}"
EndProject
Project("{FAE04EC0-301F-11D3-BF4B-00C04F79EFBC}") = "StormCrow.Tests", "StormCrow.Tests\StormCrow.Tests.csproj", "{D87B76A0-199C-4ECE-B88E-7F7DDA3A60D2}"
EndProject
Project("{FAE04EC0-301F-11D3-BF4B-00C04F79EFBC}") = "StormCrow.Server", "StormCrow.Server\StormCrow.Server.csproj", "{B2D09429-0C0B-4208-B4E2-8405255AF32B}"
EndProject
Project("{FAE04EC0-301F-11D3-BF4B-00C04F79EFBC}") = "StormCrow.Domain", "StormCrow.Domain\StormCrow.Domain.csproj", "{5287CD9D-F99D-47BA-B71F-AEDA630C491B}"
EndProject
Project("{FAE04EC0-301F-11D3-BF4B-00C04F79EFBC}") = "StormCrow.Core", "StormCrow.Core\StormCrow.Core.csproj", "{D7515571-9234-41C5-B808-7A5C7865B4F6}"
EndProject
Global
	GlobalSection(SolutionConfigurationPlatforms) = preSolution
		Debug|Any CPU = Debug|Any CPU
		Release|Any CPU = Release|Any CPU
	EndGlobalSection
	GlobalSection(ProjectConfigurationPlatforms) = postSolution
		{B72FD173-E5DC-45E3-B7AF-33EF7A1C755E}.Debug|Any CPU.ActiveCfg = Debug|Any CPU
		{B72FD173-E5DC-45E3-B7AF-33EF7A1C755E}.Debug|Any CPU.Build.0 = Debug|Any CPU
		{B72FD173-E5DC-45E3-B7AF-33EF7A1C755E}.Release|Any CPU.ActiveCfg = Release|Any CPU
		{B72FD173-E5DC-45E3-B7AF-33EF7A1C755E}.Release|Any CPU.Build.0 = Release|Any CPU
		{2B0BF96C-9157-406A-B710-AFB6F7951EA4}.Debug|Any CPU.ActiveCfg = Debug|Any CPU
		{2B0BF96C-9157-406A-B710-AFB6F7951EA4}.Debug|Any CPU.Build.0 = Debug|Any CPU
		{2B0BF96C-9157-406A-B710-AFB6F7951EA4}.Release|Any CPU.ActiveCfg = Release|Any CPU
		{2B0BF96C-9157-406A-B710-AFB6F7951EA4}.Release|Any CPU.Build.0 = Release|Any CPU
		{53B05257-5714-440C-AC31-676BF26D3636}.Debug|Any CPU.ActiveCfg = Debug|Any CPU
		{53B05257-5714-440C-AC31-676BF26D3636}.Debug|Any CPU.Build.0 = Debug|Any CPU
		{53B05257-5714-440C-AC31-676BF26D3636}.Release|Any CPU.ActiveCfg = Release|Any CPU
		{53B05257-5714-440C-AC31-676BF26D3636}.Release|Any CPU.Build.0 = Release|Any CPU
		{D87B76A0-199C-4ECE-B88E-7F7DDA3A60D2}.Debug|Any CPU.ActiveCfg = Debug|Any CPU
		{D87B76A0-199C-4ECE-B88E-7F7DDA3A60D2}.Debug|Any CPU.Build.0 = Debug|Any CPU
		{D87B76A0-199C-4ECE-B88E-7F7DDA3A60D2}.Release|Any CPU.ActiveCfg = Release|Any CPU
		{D87B76A0-199C-4ECE-B88E-7F7DDA3A60D2}.Release|Any CPU.Build.0 = Release|Any CPU
		{B2D09429-0C0B-4208-B4E2-8405255AF32B}.Debug|Any CPU.ActiveCfg = Debug|Any CPU
		{B2D09429-0C0B-4208-B4E2-8405255AF32B}.Debug|Any CPU.Build.0 = Debug|Any CPU
		{B2D09429-0C0B-4208-B4E2-8405255AF32B}.Release|Any CPU.ActiveCfg = Release|Any CPU
		{B2D09429-0C0B-4208-B4E2-8405255AF32B}.Release|Any CPU.Build.0 = Release|Any CPU
		{5287CD9D-F99D-47BA-B71F-AEDA630C491B}.Debug|Any CPU.ActiveCfg = Debug|Any CPU
		{5287CD9D-F99D-47BA-B71F-AEDA630C491B}.Debug|Any CPU.Build.0 = Debug|Any CPU
		{5287CD9D-F99D-47BA-B71F-AEDA630C491B}.Release|Any CPU.ActiveCfg = Release|Any CPU
		{5287CD9D-F99D-47BA-B71F-AEDA630C491B}.Release|Any CPU.Build.0 = Release|Any CPU
		{D7515571-9234-41C5-B808-7A5C7865B4F6}.Debug|Any CPU.ActiveCfg = Debug|Any CPU
		{D7515571-9234-41C5-B808-7A5C7865B4F6}.Debug|Any CPU.Build.0 = Debug|Any CPU
		{D7515571-9234-41C5-B808-7A5C7865B4F6}.Release|Any CPU.ActiveCfg = Release|Any CPU
		{D7515571-9234-41C5-B808-7A5C7865B4F6}.Release|Any CPU.Build.0 = Release|Any CPU
	EndGlobalSection
	GlobalSection(SolutionProperties) = preSolution
		HideSolutionNode = FALSE
	EndGlobalSection
EndGlobal
